{
  "name": "QLKHTT_KLTN",
  "lockfileVersion": 3,
  "requires": true,
  "packages": {
    "": {
      "devDependencies": {
        "@types/nodemailer": "^6.4.16"
      }
    },
    "node_modules/@types/node": {
      "version": "22.8.4",
      "resolved": "https://registry.npmjs.org/@types/node/-/node-22.8.4.tgz",
      "integrity": "sha512-SpNNxkftTJOPk0oN+y2bIqurEXHTA2AOZ3EJDDKeJ5VzkvvORSvmQXGQarcOzWV1ac7DCaPBEdMDxBsM+d8jWw==",
      "dev": true,
      "license": "MIT",
      "dependencies": {
        "undici-types": "~6.19.8"
      }
    },
    "node_modules/@types/nodemailer": {
      "version": "6.4.16",
      "resolved": "https://registry.npmjs.org/@types/nodemailer/-/nodemailer-6.4.16.tgz",
      "integrity": "sha512-uz6hN6Pp0upXMcilM61CoKyjT7sskBoOWpptkjjJp8jIMlTdc3xG01U7proKkXzruMS4hS0zqtHNkNPFB20rKQ==",
      "dev": true,
      "license": "MIT",
      "dependencies": {
        "@types/node": "*"
      }
    },
    "node_modules/undici-types": {
      "version": "6.19.8",
      "resolved": "https://registry.npmjs.org/undici-types/-/undici-types-6.19.8.tgz",
      "integrity": "sha512-ve2KP6f/JnbPBFyobGHuerC9g1FYGn/F8n1LWTwNxCEzd6IfqTwUQcNXgEtmmQ6DlRrC1hrSrBnCZPokRrDHjw==",
      "dev": true,
      "license": "MIT"
    }
  }
}
